
Microsoft Visual Studio Solution File, Format Version 12.00
# Visual Studio 14
VisualStudioVersion = 14.0.25420.1
MinimumVisualStudioVersion = 10.0.40219.1
Project("{FAE04EC0-301F-11D3-BF4B-00C04F79EFBC}") = "MiniCloud.WebServices", "MiniCloud.Webservices\MiniCloud.WebServices.csproj", "{3912A244-ADA3-44D1-9788-B2976D828C1F}"
EndProject
Project("{FAE04EC0-301F-11D3-BF4B-00C04F79EFBC}") = "MiniCloud.DataModel", "MiniCloud.DataModel\MiniCloud.DataModel.csproj", "{DA590172-970A-4034-80EC-76ED44305648}"
EndProject
Project("{00D1A9C2-B5F0-4AF3-8072-F6C62B433612}") = "MiniCloud.Database", "MiniCloud.Database\MiniCloud.Database.sqlproj", "{962FFD33-F075-4323-81BD-4C907D75B67C}"
EndProject
Project("{FAE04EC0-301F-11D3-BF4B-00C04F79EFBC}") = "MiniCloud.ModelHelper", "MiniCloud.ModelHelper\MiniCloud.ModelHelper.csproj", "{62CC54EC-FE19-4171-9D9A-3C6ECFAA7958}"
EndProject
Global
	GlobalSection(SolutionConfigurationPlatforms) = preSolution
		Debug|Any CPU = Debug|Any CPU
		Release|Any CPU = Release|Any CPU
	EndGlobalSection
	GlobalSection(ProjectConfigurationPlatforms) = postSolution
		{3912A244-ADA3-44D1-9788-B2976D828C1F}.Debug|Any CPU.ActiveCfg = Debug|Any CPU
		{3912A244-ADA3-44D1-9788-B2976D828C1F}.Debug|Any CPU.Build.0 = Debug|Any CPU
		{3912A244-ADA3-44D1-9788-B2976D828C1F}.Release|Any CPU.ActiveCfg = Release|Any CPU
		{3912A244-ADA3-44D1-9788-B2976D828C1F}.Release|Any CPU.Build.0 = Release|Any CPU
		{DA590172-970A-4034-80EC-76ED44305648}.Debug|Any CPU.ActiveCfg = Debug|Any CPU
		{DA590172-970A-4034-80EC-76ED44305648}.Debug|Any CPU.Build.0 = Debug|Any CPU
		{DA590172-970A-4034-80EC-76ED44305648}.Release|Any CPU.ActiveCfg = Release|Any CPU
		{DA590172-970A-4034-80EC-76ED44305648}.Release|Any CPU.Build.0 = Release|Any CPU
		{962FFD33-F075-4323-81BD-4C907D75B67C}.Debug|Any CPU.ActiveCfg = Debug|Any CPU
		{962FFD33-F075-4323-81BD-4C907D75B67C}.Debug|Any CPU.Build.0 = Debug|Any CPU
		{962FFD33-F075-4323-81BD-4C907D75B67C}.Debug|Any CPU.Deploy.0 = Debug|Any CPU
		{962FFD33-F075-4323-81BD-4C907D75B67C}.Release|Any CPU.ActiveCfg = Release|Any CPU
		{962FFD33-F075-4323-81BD-4C907D75B67C}.Release|Any CPU.Build.0 = Release|Any CPU
		{962FFD33-F075-4323-81BD-4C907D75B67C}.Release|Any CPU.Deploy.0 = Release|Any CPU
		{62CC54EC-FE19-4171-9D9A-3C6ECFAA7958}.Debug|Any CPU.ActiveCfg = Debug|Any CPU
		{62CC54EC-FE19-4171-9D9A-3C6ECFAA7958}.Debug|Any CPU.Build.0 = Debug|Any CPU
		{62CC54EC-FE19-4171-9D9A-3C6ECFAA7958}.Release|Any CPU.ActiveCfg = Release|Any CPU
		{62CC54EC-FE19-4171-9D9A-3C6ECFAA7958}.Release|Any CPU.Build.0 = Release|Any CPU
	EndGlobalSection
	GlobalSection(SolutionProperties) = preSolution
		HideSolutionNode = FALSE
	EndGlobalSection
EndGlobal
